// !$*UTF8*$!
{
	archiveVersion = 1;
	classes = {
	};
	objectVersion = 46;
	objects = {

/* Begin PBXBuildFile section */
		D86577941D4893F400AAAD20 /* main.m in Sources */ = {isa = PBXBuildFile; fileRef = D86577931D4893F400AAAD20 /* main.m */; };
		D86577971D4893F400AAAD20 /* AppDelegate.m in Sources */ = {isa = PBXBuildFile; fileRef = D86577961D4893F400AAAD20 /* AppDelegate.m */; };
		D865779A1D4893F400AAAD20 /* ViewController.m in Sources */ = {isa = PBXBuildFile; fileRef = D86577991D4893F400AAAD20 /* ViewController.m */; };
		D865779D1D4893F400AAAD20 /* Main.storyboard in Resources */ = {isa = PBXBuildFile; fileRef = D865779B1D4893F400AAAD20 /* Main.storyboard */; };
		D865779F1D4893F400AAAD20 /* Assets.xcassets in Resources */ = {isa = PBXBuildFile; fileRef = D865779E1D4893F400AAAD20 /* Assets.xcassets */; };
		D86577A21D4893F400AAAD20 /* LaunchScreen.storyboard in Resources */ = {isa = PBXBuildFile; fileRef = D86577A01D4893F400AAAD20 /* LaunchScreen.storyboard */; };
		D86577B01D48940900AAAD20 /* NotificationCenter.framework in Frameworks */ = {isa = PBXBuildFile; fileRef = D86577AF1D48940900AAAD20 /* NotificationCenter.framework */; };
		D86577B41D48940900AAAD20 /* TodayViewController.m in Sources */ = {isa = PBXBuildFile; fileRef = D86577B31D48940900AAAD20 /* TodayViewController.m */; };
		D86577B71D48940900AAAD20 /* MainInterface.storyboard in Resources */ = {isa = PBXBuildFile; fileRef = D86577B51D48940900AAAD20 /* MainInterface.storyboard */; };
		D86577BB1D48940900AAAD20 /* TaoaiM.appex in Embed App Extensions */ = {isa = PBXBuildFile; fileRef = D86577AD1D48940900AAAD20 /* TaoaiM.appex */; settings = {ATTRIBUTES = (RemoveHeadersOnCopy, ); }; };
/* End PBXBuildFile section */

/* Begin PBXContainerItemProxy section */
		D86577B91D48940900AAAD20 /* PBXContainerItemProxy */ = {
			isa = PBXContainerItemProxy;
			containerPortal = D86577871D4893F400AAAD20 /* Project object */;
			proxyType = 1;
			remoteGlobalIDString = D86577AC1D48940900AAAD20;
			remoteInfo = TaoaiM;
		};
/* End PBXContainerItemProxy section */

/* Begin PBXCopyFilesBuildPhase section */
		D86577BF1D48940900AAAD20 /* Embed App Extensions */ = {
			isa = PBXCopyFilesBuildPhase;
			buildActionMask = 2147483647;
			dstPath = "";
			dstSubfolderSpec = 13;
			files = (
				D86577BB1D48940900AAAD20 /* TaoaiM.appex in Embed App Extensions */,
			);
			name = "Embed App Extensions";
			runOnlyForDeploymentPostprocessing = 0;
		};
/* End PBXCopyFilesBuildPhase section */

/* Begin PBXFileReference section */
		D865778F1D4893F400AAAD20 /* Today.app */ = {isa = PBXFileReference; explicitFileType = wrapper.application; includeInIndex = 0; path = Today.app; sourceTree = BUILT_PRODUCTS_DIR; };
		D86577931D4893F400AAAD20 /* main.m */ = {isa = PBXFileReference; lastKnownFileType = sourcecode.c.objc; path = main.m; sourceTree = "<group>"; };
		D86577951D4893F400AAAD20 /* AppDelegate.h */ = {isa = PBXFileReference; lastKnownFileType = sourcecode.c.h; path = AppDelegate.h; sourceTree = "<group>"; };
		D86577961D4893F400AAAD20 /* AppDelegate.m */ = {isa = PBXFileReference; lastKnownFileType = sourcecode.c.objc; path = AppDelegate.m; sourceTree = "<group>"; };
		D86577981D4893F400AAAD20 /* ViewController.h */ = {isa = PBXFileReference; lastKnownFileType = sourcecode.c.h; path = ViewController.h; sourceTree = "<group>"; };
		D86577991D4893F400AAAD20 /* ViewController.m */ = {isa = PBXFileReference; lastKnownFileType = sourcecode.c.objc; path = ViewController.m; sourceTree = "<group>"; };
		D865779C1D4893F400AAAD20 /* Base */ = {isa = PBXFileReference; lastKnownFileType = file.storyboard; name = Base; path = Base.lproj/Main.storyboard; sourceTree = "<group>"; };
		D865779E1D4893F400AAAD20 /* Assets.xcassets */ = {isa = PBXFileReference; lastKnownFileType = folder.assetcatalog; path = Assets.xcassets; sourceTree = "<group>"; };
		D86577A11D4893F400AAAD20 /* Base */ = {isa = PBXFileReference; lastKnownFileType = file.storyboard; name = Base; path = Base.lproj/LaunchScreen.storyboard; sourceTree = "<group>"; };
		D86577A31D4893F400AAAD20 /* Info.plist */ = {isa = PBXFileReference; lastKnownFileType = text.plist.xml; path = Info.plist; sourceTree = "<group>"; };
		D86577AD1D48940900AAAD20 /* TaoaiM.appex */ = {isa = PBXFileReference; explicitFileType = "wrapper.app-extension"; includeInIndex = 0; path = TaoaiM.appex; sourceTree = BUILT_PRODUCTS_DIR; };
		D86577AF1D48940900AAAD20 /* NotificationCenter.framework */ = {isa = PBXFileReference; lastKnownFileType = wrapper.framework; name = NotificationCenter.framework; path = System/Library/Frameworks/NotificationCenter.framework; sourceTree = SDKROOT; };
		D86577B21D48940900AAAD20 /* TodayViewController.h */ = {isa = PBXFileReference; lastKnownFileType = sourcecode.c.h; path = TodayViewController.h; sourceTree = "<group>"; };
		D86577B31D48940900AAAD20 /* TodayViewController.m */ = {isa = PBXFileReference; lastKnownFileType = sourcecode.c.objc; path = TodayViewController.m; sourceTree = "<group>"; };
		D86577B61D48940900AAAD20 /* Base */ = {isa = PBXFileReference; lastKnownFileType = file.storyboard; name = Base; path = Base.lproj/MainInterface.storyboard; sourceTree = "<group>"; };
		D86577B81D48940900AAAD20 /* Info.plist */ = {isa = PBXFileReference; lastKnownFileType = text.plist.xml; path = Info.plist; sourceTree = "<group>"; };
/* End PBXFileReference section */

/* Begin PBXFrameworksBuildPhase section */
		D865778C1D4893F400AAAD20 /* Frameworks */ = {
			isa = PBXFrameworksBuildPhase;
			buildActionMask = 2147483647;
			files = (
			);
			runOnlyForDeploymentPostprocessing = 0;
		};
		D86577AA1D48940900AAAD20 /* Frameworks */ = {
			isa = PBXFrameworksBuildPhase;
			buildActionMask = 2147483647;
			files = (
				D86577B01D48940900AAAD20 /* NotificationCenter.framework in Frameworks */,
			);
			runOnlyForDeploymentPostprocessing = 0;
		};
/* End PBXFrameworksBuildPhase section */

/* Begin PBXGroup section */
		D86577861D4893F400AAAD20 = {
			isa = PBXGroup;
			children = (
				D86577911D4893F400AAAD20 /* Today */,
				D86577B11D48940900AAAD20 /* TaoaiM */,
				D86577AE1D48940900AAAD20 /* Frameworks */,
				D86577901D4893F400AAAD20 /* Products */,
			);
			sourceTree = "<group>";
		};
		D86577901D4893F400AAAD20 /* Products */ = {
			isa = PBXGroup;
			children = (
				D865778F1D4893F400AAAD20 /* Today.app */,
				D86577AD1D48940900AAAD20 /* TaoaiM.appex */,
			);
			name = Products;
			sourceTree = "<group>";
		};
		D86577911D4893F400AAAD20 /* Today */ = {
			isa = PBXGroup;
			children = (
				D86577951D4893F400AAAD20 /* AppDelegate.h */,
				D86577961D4893F400AAAD20 /* AppDelegate.m */,
				D86577981D4893F400AAAD20 /* ViewController.h */,
				D86577991D4893F400AAAD20 /* ViewController.m */,
				D865779B1D4893F400AAAD20 /* Main.storyboard */,
				D865779E1D4893F400AAAD20 /* Assets.xcassets */,
				D86577A01D4893F400AAAD20 /* LaunchScreen.storyboard */,
				D86577A31D4893F400AAAD20 /* Info.plist */,
				D86577921D4893F400AAAD20 /* Supporting Files */,
			);
			path = Today;
			sourceTree = "<group>";
		};
		D86577921D4893F400AAAD20 /* Supporting Files */ = {
			isa = PBXGroup;
			children = (
				D86577931D4893F400AAAD20 /* main.m */,
			);
			name = "Supporting Files";
			sourceTree = "<group>";
		};
		D86577AE1D48940900AAAD20 /* Frameworks */ = {
			isa = PBXGroup;
			children = (
				D86577AF1D48940900AAAD20 /* NotificationCenter.framework */,
			);
			name = Frameworks;
			sourceTree = "<group>";
		};
		D86577B11D48940900AAAD20 /* TaoaiM */ = {
			isa = PBXGroup;
			children = (
				D86577B21D48940900AAAD20 /* TodayViewController.h */,
				D86577B31D48940900AAAD20 /* TodayViewController.m */,
				D86577B51D48940900AAAD20 /* MainInterface.storyboard */,
				D86577B81D48940900AAAD20 /* Info.plist */,
			);
			path = TaoaiM;
			sourceTree = "<group>";
		};
/* End PBXGroup section */

/* Begin PBXNativeTarget section */
		D865778E1D4893F400AAAD20 /* Today */ = {
			isa = PBXNativeTarget;
			buildConfigurationList = D86577A61D4893F400AAAD20 /* Build configuration list for PBXNativeTarget "Today" */;
			buildPhases = (
				D865778B1D4893F400AAAD20 /* Sources */,
				D865778C1D4893F400AAAD20 /* Frameworks */,
				D865778D1D4893F400AAAD20 /* Resources */,
				D86577BF1D48940900AAAD20 /* Embed App Extensions */,
			);
			buildRules = (
			);
			dependencies = (
				D86577BA1D48940900AAAD20 /* PBXTargetDependency */,
			);
			name = Today;
			productName = Today;
			productReference = D865778F1D4893F400AAAD20 /* Today.app */;
			productType = "com.apple.product-type.application";
		};
		D86577AC1D48940900AAAD20 /* TaoaiM */ = {
			isa = PBXNativeTarget;
			buildConfigurationList = D86577BC1D48940900AAAD20 /* Build configuration list for PBXNativeTarget "TaoaiM" */;
			buildPhases = (
				D86577A91D48940900AAAD20 /* Sources */,
				D86577AA1D48940900AAAD20 /* Frameworks */,
				D86577AB1D48940900AAAD20 /* Resources */,
			);
			buildRules = (
			);
			dependencies = (
			);
			name = TaoaiM;
			productName = TaoaiM;
			productReference = D86577AD1D48940900AAAD20 /* TaoaiM.appex */;
			productType = "com.apple.product-type.app-extension";
		};
/* End PBXNativeTarget section */

/* Begin PBXProject section */
		D86577871D4893F400AAAD20 /* Project object */ = {
			isa = PBXProject;
			attributes = {
				LastUpgradeCheck = 0800;
				ORGANIZATIONNAME = lvyongtao;
				TargetAttributes = {
					D865778E1D4893F400AAAD20 = {
						CreatedOnToolsVersion = 8.0;
						DevelopmentTeam = 39VP6NWEHS;
						DevelopmentTeamName = "永涛 吕 (Personal Team)";
						ProvisioningStyle = Automatic;
					};
					D86577AC1D48940900AAAD20 = {
						CreatedOnToolsVersion = 8.0;
						DevelopmentTeam = 39VP6NWEHS;
						DevelopmentTeamName = "永涛 吕 (Personal Team)";
						ProvisioningStyle = Automatic;
					};
				};
			};
			buildConfigurationList = D865778A1D4893F400AAAD20 /* Build configuration list for PBXProject "Today" */;
			compatibilityVersion = "Xcode 3.2";
			developmentRegion = English;
			hasScannedForEncodings = 0;
			knownRegions = (
				en,
				Base,
			);
			mainGroup = D86577861D4893F400AAAD20;
			productRefGroup = D86577901D4893F400AAAD20 /* Products */;
			projectDirPath = "";
			projectRoot = "";
			targets = (
				D865778E1D4893F400AAAD20 /* Today */,
				D86577AC1D48940900AAAD20 /* TaoaiM */,
			);
		};
/* End PBXProject section */

/* Begin PBXResourcesBuildPhase section */
		D865778D1D4893F400AAAD20 /* Resources */ = {
			isa = PBXResourcesBuildPhase;
			buildActionMask = 2147483647;
			files = (
				D86577A21D4893F400AAAD20 /* LaunchScreen.storyboard in Resources */,
				D865779F1D4893F400AAAD20 /* Assets.xcassets in Resources */,
				D865779D1D4893F400AAAD20 /* Main.storyboard in Resources */,
			);
			runOnlyForDeploymentPostprocessing = 0;
		};
		D86577AB1D48940900AAAD20 /* Resources */ = {
			isa = PBXResourcesBuildPhase;
			buildActionMask = 2147483647;
			files = (
				D86577B71D48940900AAAD20 /* MainInterface.storyboard in Resources */,
			);
			runOnlyForDeploymentPostprocessing = 0;
		};
/* End PBXResourcesBuildPhase section */

/* Begin PBXSourcesBuildPhase section */
		D865778B1D4893F400AAAD20 /* Sources */ = {
			isa = PBXSourcesBuildPhase;
			buildActionMask = 2147483647;
			files = (
				D865779A1D4893F400AAAD20 /* ViewController.m in Sources */,
				D86577971D4893F400AAAD20 /* AppDelegate.m in Sources */,
				D86577941D4893F400AAAD20 /* main.m in Sources */,
			);
			runOnlyForDeploymentPostprocessing = 0;
		};
		D86577A91D48940900AAAD20 /* Sources */ = {
			isa = PBXSourcesBuildPhase;
			buildActionMask = 2147483647;
			files = (
				D86577B41D48940900AAAD20 /* TodayViewController.m in Sources */,
			);
			runOnlyForDeploymentPostprocessing = 0;
		};
/* End PBXSourcesBuildPhase section */

/* Begin PBXTargetDependency section */
		D86577BA1D48940900AAAD20 /* PBXTargetDependency */ = {
			isa = PBXTargetDependency;
			target = D86577AC1D48940900AAAD20 /* TaoaiM */;
			targetProxy = D86577B91D48940900AAAD20 /* PBXContainerItemProxy */;
		};
/* End PBXTargetDependency section */

/* Begin PBXVariantGroup section */
		D865779B1D4893F400AAAD20 /* Main.storyboard */ = {
			isa = PBXVariantGroup;
			children = (
				D865779C1D4893F400AAAD20 /* Base */,
			);
			name = Main.storyboard;
			sourceTree = "<group>";
		};
		D86577A01D4893F400AAAD20 /* LaunchScreen.storyboard */ = {
			isa = PBXVariantGroup;
			children = (
				D86577A11D4893F400AAAD20 /* Base */,
			);
			name = LaunchScreen.storyboard;
			sourceTree = "<group>";
		};
		D86577B51D48940900AAAD20 /* MainInterface.storyboard */ = {
			isa = PBXVariantGroup;
			children = (
				D86577B61D48940900AAAD20 /* Base */,
			);
			name = MainInterface.storyboard;
			sourceTree = "<group>";
		};
/* End PBXVariantGroup section */

/* Begin XCBuildConfiguration section */
		D86577A41D4893F400AAAD20 /* Debug */ = {
			isa = XCBuildConfiguration;
			buildSettings = {
				ALWAYS_SEARCH_USER_PATHS = NO;
				CLANG_ANALYZER_NONNULL = YES;
				CLANG_CXX_LANGUAGE_STANDARD = "gnu++0x";
				CLANG_CXX_LIBRARY = "libc++";
				CLANG_ENABLE_MODULES = YES;
				CLANG_ENABLE_OBJC_ARC = YES;
				CLANG_WARN_BOOL_CONVERSION = YES;
				CLANG_WARN_CONSTANT_CONVERSION = YES;
				CLANG_WARN_DIRECT_OBJC_ISA_USAGE = YES_ERROR;
				CLANG_WARN_DOCUMENTATION_COMMENTS = YES;
				CLANG_WARN_EMPTY_BODY = YES;
				CLANG_WARN_ENUM_CONVERSION = YES;
				CLANG_WARN_INT_CONVERSION = YES;
				CLANG_WARN_OBJC_ROOT_CLASS = YES_ERROR;
				CLANG_WARN_UNREACHABLE_CODE = YES;
				CLANG_WARN__DUPLICATE_METHOD_MATCH = YES;
				CODE_SIGN_IDENTITY = "iPhone Developer";
				"CODE_SIGN_IDENTITY[sdk=iphoneos*]" = "iPhone Developer";
				COPY_PHASE_STRIP = NO;
				DEBUG_INFORMATION_FORMAT = dwarf;
				ENABLE_STRICT_OBJC_MSGSEND = YES;
				ENABLE_TESTABILITY = YES;
				GCC_C_LANGUAGE_STANDARD = gnu99;
				GCC_DYNAMIC_NO_PIC = NO;
				GCC_NO_COMMON_BLOCKS = YES;
				GCC_OPTIMIZATION_LEVEL = 0;
				GCC_PREPROCESSOR_DEFINITIONS = (
					"DEBUG=1",
					"$(inherited)",
				);
				GCC_WARN_64_TO_32_BIT_CONVERSION = YES;
				GCC_WARN_ABOUT_RETURN_TYPE = YES_ERROR;
				GCC_WARN_UNDECLARED_SELECTOR = YES;
				GCC_WARN_UNINITIALIZED_AUTOS = YES_AGGRESSIVE;
				GCC_WARN_UNUSED_FUNCTION = YES;
				GCC_WARN_UNUSED_VARIABLE = YES;
				IPHONEOS_DEPLOYMENT_TARGET = 10.0;
				MTL_ENABLE_DEBUG_INFO = YES;
				ONLY_ACTIVE_ARCH = YES;
				PROVISIONING_PROFILE = "";
				SDKROOT = iphoneos;
			};
			name = Debug;
		};
		D86577A51D4893F400AAAD20 /* Release */ = {
			isa = XCBuildConfiguration;
			buildSettings = {
				ALWAYS_SEARCH_USER_PATHS = NO;
				CLANG_ANALYZER_NONNULL = YES;
				CLANG_CXX_LANGUAGE_STANDARD = "gnu++0x";
				CLANG_CXX_LIBRARY = "libc++";
				CLANG_ENABLE_MODULES = YES;
				CLANG_ENABLE_OBJC_ARC = YES;
				CLANG_WARN_BOOL_CONVERSION = YES;
				CLANG_WARN_CONSTANT_CONVERSION = YES;
				CLANG_WARN_DIRECT_OBJC_ISA_USAGE = YES_ERROR;
				CLANG_WARN_DOCUMENTATION_COMMENTS = YES;
				CLANG_WARN_EMPTY_BODY = YES;
				CLANG_WARN_ENUM_CONVERSION = YES;
				CLANG_WARN_INT_CONVERSION = YES;
				CLANG_WARN_OBJC_ROOT_CLASS = YES_ERROR;
				CLANG_WARN_UNREACHABLE_CODE = YES;
				CLANG_WARN__DUPLICATE_METHOD_MATCH = YES;
				CODE_SIGN_IDENTITY = "iPhone Developer";
				"CODE_SIGN_IDENTITY[sdk=iphoneos*]" = "iPhone Developer";
				COPY_PHASE_STRIP = NO;
				DEBUG_INFORMATION_FORMAT = "dwarf-with-dsym";
				ENABLE_NS_ASSERTIONS = NO;
				ENABLE_STRICT_OBJC_MSGSEND = YES;
				GCC_C_LANGUAGE_STANDARD = gnu99;
				GCC_NO_COMMON_BLOCKS = YES;
				GCC_WARN_64_TO_32_BIT_CONVERSION = YES;
				GCC_WARN_ABOUT_RETURN_TYPE = YES_ERROR;
				GCC_WARN_UNDECLARED_SELECTOR = YES;
				GCC_WARN_UNINITIALIZED_AUTOS = YES_AGGRESSIVE;
				GCC_WARN_UNUSED_FUNCTION = YES;
				GCC_WARN_UNUSED_VARIABLE = YES;
				IPHONEOS_DEPLOYMENT_TARGET = 10.0;
				MTL_ENABLE_DEBUG_INFO = NO;
				PROVISIONING_PROFILE = "";
				SDKROOT = iphoneos;
				VALIDATE_PRODUCT = YES;
			};
			name = Release;
		};
		D86577A71D4893F400AAAD20 /* Debug */ = {
			isa = XCBuildConfiguration;
			buildSettings = {
				ASSETCATALOG_COMPILER_APPICON_NAME = AppIcon;
				CODE_SIGN_IDENTITY = "iPhone Developer";
				"CODE_SIGN_IDENTITY[sdk=iphoneos*]" = "iPhone Developer";
				INFOPLIST_FILE = Today/Info.plist;
				IPHONEOS_DEPLOYMENT_TARGET = 10.0;
				LD_RUNPATH_SEARCH_PATHS = "$(inherited) @executable_path/Frameworks";
				PRODUCT_BUNDLE_IDENTIFIER = lvyongtao.com.Today;
				PRODUCT_NAME = "$(TARGET_NAME)";
				PROVISIONING_PROFILE = "";
			};
			name = Debug;
		};
		D86577A81D4893F400AAAD20 /* Release */ = {
			isa = XCBuildConfiguration;
			buildSettings = {
				ASSETCATALOG_COMPILER_APPICON_NAME = AppIcon;
				CODE_SIGN_IDENTITY = "iPhone Developer";
				"CODE_SIGN_IDENTITY[sdk=iphoneos*]" = "iPhone Developer";
				INFOPLIST_FILE = Today/Info.plist;
				IPHONEOS_DEPLOYMENT_TARGET = 10.0;
				LD_RUNPATH_SEARCH_PATHS = "$(inherited) @executable_path/Frameworks";
				PRODUCT_BUNDLE_IDENTIFIER = lvyongtao.com.Today;
				PRODUCT_NAME = "$(TARGET_NAME)";
				PROVISIONING_PROFILE = "";
			};
			name = Release;
		};
		D86577BD1D48940900AAAD20 /* Debug */ = {
			isa = XCBuildConfiguration;
			buildSettings = {
				INFOPLIST_FILE = TaoaiM/Info.plist;
				IPHONEOS_DEPLOYMENT_TARGET = 10.0;
				LD_RUNPATH_SEARCH_PATHS = "$(inherited) @executable_path/Frameworks @executable_path/../../Frameworks";
				PRODUCT_BUNDLE_IDENTIFIER = lvyongtao.com.Today.TaoaiM;
				PRODUCT_NAME = "$(TARGET_NAME)";
				SKIP_INSTALL = YES;
			};
			name = Debug;
		};
		D86577BE1D48940900AAAD20 /* Release */ = {
			isa = XCBuildConfiguration;
			buildSettings = {
				INFOPLIST_FILE = TaoaiM/Info.plist;
				IPHONEOS_DEPLOYMENT_TARGET = 10.0;
				LD_RUNPATH_SEARCH_PATHS = "$(inherited) @executable_path/Frameworks @executable_path/../../Frameworks";
				PRODUCT_BUNDLE_IDENTIFIER = lvyongtao.com.Today.TaoaiM;
				PRODUCT_NAME = "$(TARGET_NAME)";
				SKIP_INSTALL = YES;
			};
			name = Release;
		};
/* End XCBuildConfiguration section */

/* Begin XCConfigurationList section */
		D865778A1D4893F400AAAD20 /* Build configuration list for PBXProject "Today" */ = {
			isa = XCConfigurationList;
			buildConfigurations = (
				D86577A41D4893F400AAAD20 /* Debug */,
				D86577A51D4893F400AAAD20 /* Release */,
			);
			defaultConfigurationIsVisible = 0;
			defaultConfigurationName = Release;
		};
		D86577A61D4893F400AAAD20 /* Build configuration list for PBXNativeTarget "Today" */ = {
			isa = XCConfigurationList;
			buildConfigurations = (
				D86577A71D4893F400AAAD20 /* Debug */,
				D86577A81D4893F400AAAD20 /* Release */,
			);
			defaultConfigurationIsVisible = 0;
			defaultConfigurationName = Release;
		};
		D86577BC1D48940900AAAD20 /* Build configuration list for PBXNativeTarget "TaoaiM" */ = {
			isa = XCConfigurationList;
			buildConfigurations = (
				D86577BD1D48940900AAAD20 /* Debug */,
				D86577BE1D48940900AAAD20 /* Release */,
			);
			defaultConfigurationIsVisible = 0;
			defaultConfigurationName = Release;
		};
/* End XCConfigurationList section */
	};
	rootObject = D86577871D4893F400AAAD20 /* Project object */;
}
